
Microsoft Visual Studio Solution File, Format Version 12.00
# Visual Studio Version 17
VisualStudioVersion = 17.9.34728.123
MinimumVisualStudioVersion = 10.0.40219.1
Project("{8BC9CEB8-8B4A-11D0-8D11-00A0C91BC942}") = "01_C++시작하기", "..\01_C++시작하기\01_C++시작하기.vcxproj", "{77B2D536-A98F-48A2-BDDE-15B7A9D214CB}"
EndProject
Project("{8BC9CEB8-8B4A-11D0-8D11-00A0C91BC942}") = "02_포인터와 참조자", "02_포인터와 참조자\02_포인터와 참조자.vcxproj", "{B9E9BC61-8880-424B-9E39-43EB0695CE7B}"
EndProject
Project("{8BC9CEB8-8B4A-11D0-8D11-00A0C91BC942}") = "03_객체지향프로그래밍", "03_객체지향프로그래밍\03_객체지향프로그래밍.vcxproj", "{E3A4566B-7923-44F5-A2DD-6FD823AC1A7F}"
EndProject
Project("{8BC9CEB8-8B4A-11D0-8D11-00A0C91BC942}") = "04_객체생성자_소멸자", "04_객체생성자_소멸자\04_객체생성자_소멸자.vcxproj", "{0BA0477C-DD81-43BE-BDAE-705C076D738C}"
EndProject
Project("{8BC9CEB8-8B4A-11D0-8D11-00A0C91BC942}") = "05_객체의 생성", "05_객체의 생성\05_객체의 생성.vcxproj", "{FC80D635-B588-4D7D-80E3-B021FC48C770}"
EndProject
Project("{8BC9CEB8-8B4A-11D0-8D11-00A0C91BC942}") = "06_연산자오버로딩", "06_연산자오버로딩\06_연산자오버로딩.vcxproj", "{2398FB00-5F2A-4308-AA3A-D6D4C84A621C}"
EndProject
Project("{8BC9CEB8-8B4A-11D0-8D11-00A0C91BC942}") = "07_연산자오버로딩 활용", "07_연산자오버로딩 활용\07_연산자오버로딩 활용.vcxproj", "{D868ED3A-2268-466A-87B8-5574040D7751}"
EndProject
Project("{8BC9CEB8-8B4A-11D0-8D11-00A0C91BC942}") = "08_상속과 구성", "08_상속과 구성\08_상속과 구성.vcxproj", "{0AEC3A29-CCEE-44A3-AC50-ECE444B5E646}"
EndProject
Project("{8BC9CEB8-8B4A-11D0-8D11-00A0C91BC942}") = "09_클래스의 다형성", "09_클래스의 다형성\09_클래스의 다형성.vcxproj", "{DD4D8E15-1046-4A28-86C5-B104C29DC717}"
EndProject
Project("{8BC9CEB8-8B4A-11D0-8D11-00A0C91BC942}") = "10_예제 게임 코드(달리기 프로젝트)", "10_예제 게임 코드(달리기 프로젝트)\10_예제 게임 코드(달리기 프로젝트).vcxproj", "{1DFBB09E-1D46-4817-A0CA-2849CEBFF21D}"
EndProject
Global
	GlobalSection(SolutionConfigurationPlatforms) = preSolution
		Debug|x64 = Debug|x64
		Debug|x86 = Debug|x86
		Release|x64 = Release|x64
		Release|x86 = Release|x86
	EndGlobalSection
	GlobalSection(ProjectConfigurationPlatforms) = postSolution
		{77B2D536-A98F-48A2-BDDE-15B7A9D214CB}.Debug|x64.ActiveCfg = Debug|x64
		{77B2D536-A98F-48A2-BDDE-15B7A9D214CB}.Debug|x64.Build.0 = Debug|x64
		{77B2D536-A98F-48A2-BDDE-15B7A9D214CB}.Debug|x86.ActiveCfg = Debug|Win32
		{77B2D536-A98F-48A2-BDDE-15B7A9D214CB}.Debug|x86.Build.0 = Debug|Win32
		{77B2D536-A98F-48A2-BDDE-15B7A9D214CB}.Release|x64.ActiveCfg = Release|x64
		{77B2D536-A98F-48A2-BDDE-15B7A9D214CB}.Release|x64.Build.0 = Release|x64
		{77B2D536-A98F-48A2-BDDE-15B7A9D214CB}.Release|x86.ActiveCfg = Release|Win32
		{77B2D536-A98F-48A2-BDDE-15B7A9D214CB}.Release|x86.Build.0 = Release|Win32
		{B9E9BC61-8880-424B-9E39-43EB0695CE7B}.Debug|x64.ActiveCfg = Debug|x64
		{B9E9BC61-8880-424B-9E39-43EB0695CE7B}.Debug|x64.Build.0 = Debug|x64
		{B9E9BC61-8880-424B-9E39-43EB0695CE7B}.Debug|x86.ActiveCfg = Debug|Win32
		{B9E9BC61-8880-424B-9E39-43EB0695CE7B}.Debug|x86.Build.0 = Debug|Win32
		{B9E9BC61-8880-424B-9E39-43EB0695CE7B}.Release|x64.ActiveCfg = Release|x64
		{B9E9BC61-8880-424B-9E39-43EB0695CE7B}.Release|x64.Build.0 = Release|x64
		{B9E9BC61-8880-424B-9E39-43EB0695CE7B}.Release|x86.ActiveCfg = Release|Win32
		{B9E9BC61-8880-424B-9E39-43EB0695CE7B}.Release|x86.Build.0 = Release|Win32
		{E3A4566B-7923-44F5-A2DD-6FD823AC1A7F}.Debug|x64.ActiveCfg = Debug|x64
		{E3A4566B-7923-44F5-A2DD-6FD823AC1A7F}.Debug|x64.Build.0 = Debug|x64
		{E3A4566B-7923-44F5-A2DD-6FD823AC1A7F}.Debug|x86.ActiveCfg = Debug|Win32
		{E3A4566B-7923-44F5-A2DD-6FD823AC1A7F}.Debug|x86.Build.0 = Debug|Win32
		{E3A4566B-7923-44F5-A2DD-6FD823AC1A7F}.Release|x64.ActiveCfg = Release|x64
		{E3A4566B-7923-44F5-A2DD-6FD823AC1A7F}.Release|x64.Build.0 = Release|x64
		{E3A4566B-7923-44F5-A2DD-6FD823AC1A7F}.Release|x86.ActiveCfg = Release|Win32
		{E3A4566B-7923-44F5-A2DD-6FD823AC1A7F}.Release|x86.Build.0 = Release|Win32
		{0BA0477C-DD81-43BE-BDAE-705C076D738C}.Debug|x64.ActiveCfg = Debug|x64
		{0BA0477C-DD81-43BE-BDAE-705C076D738C}.Debug|x64.Build.0 = Debug|x64
		{0BA0477C-DD81-43BE-BDAE-705C076D738C}.Debug|x86.ActiveCfg = Debug|Win32
		{0BA0477C-DD81-43BE-BDAE-705C076D738C}.Debug|x86.Build.0 = Debug|Win32
		{0BA0477C-DD81-43BE-BDAE-705C076D738C}.Release|x64.ActiveCfg = Release|x64
		{0BA0477C-DD81-43BE-BDAE-705C076D738C}.Release|x64.Build.0 = Release|x64
		{0BA0477C-DD81-43BE-BDAE-705C076D738C}.Release|x86.ActiveCfg = Release|Win32
		{0BA0477C-DD81-43BE-BDAE-705C076D738C}.Release|x86.Build.0 = Release|Win32
		{FC80D635-B588-4D7D-80E3-B021FC48C770}.Debug|x64.ActiveCfg = Debug|x64
		{FC80D635-B588-4D7D-80E3-B021FC48C770}.Debug|x64.Build.0 = Debug|x64
		{FC80D635-B588-4D7D-80E3-B021FC48C770}.Debug|x86.ActiveCfg = Debug|Win32
		{FC80D635-B588-4D7D-80E3-B021FC48C770}.Debug|x86.Build.0 = Debug|Win32
		{FC80D635-B588-4D7D-80E3-B021FC48C770}.Release|x64.ActiveCfg = Release|x64
		{FC80D635-B588-4D7D-80E3-B021FC48C770}.Release|x64.Build.0 = Release|x64
		{FC80D635-B588-4D7D-80E3-B021FC48C770}.Release|x86.ActiveCfg = Release|Win32
		{FC80D635-B588-4D7D-80E3-B021FC48C770}.Release|x86.Build.0 = Release|Win32
		{2398FB00-5F2A-4308-AA3A-D6D4C84A621C}.Debug|x64.ActiveCfg = Debug|x64
		{2398FB00-5F2A-4308-AA3A-D6D4C84A621C}.Debug|x64.Build.0 = Debug|x64
		{2398FB00-5F2A-4308-AA3A-D6D4C84A621C}.Debug|x86.ActiveCfg = Debug|Win32
		{2398FB00-5F2A-4308-AA3A-D6D4C84A621C}.Debug|x86.Build.0 = Debug|Win32
		{2398FB00-5F2A-4308-AA3A-D6D4C84A621C}.Release|x64.ActiveCfg = Release|x64
		{2398FB00-5F2A-4308-AA3A-D6D4C84A621C}.Release|x64.Build.0 = Release|x64
		{2398FB00-5F2A-4308-AA3A-D6D4C84A621C}.Release|x86.ActiveCfg = Release|Win32
		{2398FB00-5F2A-4308-AA3A-D6D4C84A621C}.Release|x86.Build.0 = Release|Win32
		{D868ED3A-2268-466A-87B8-5574040D7751}.Debug|x64.ActiveCfg = Debug|x64
		{D868ED3A-2268-466A-87B8-5574040D7751}.Debug|x64.Build.0 = Debug|x64
		{D868ED3A-2268-466A-87B8-5574040D7751}.Debug|x86.ActiveCfg = Debug|Win32
		{D868ED3A-2268-466A-87B8-5574040D7751}.Debug|x86.Build.0 = Debug|Win32
		{D868ED3A-2268-466A-87B8-5574040D7751}.Release|x64.ActiveCfg = Release|x64
		{D868ED3A-2268-466A-87B8-5574040D7751}.Release|x64.Build.0 = Release|x64
		{D868ED3A-2268-466A-87B8-5574040D7751}.Release|x86.ActiveCfg = Release|Win32
		{D868ED3A-2268-466A-87B8-5574040D7751}.Release|x86.Build.0 = Release|Win32
		{0AEC3A29-CCEE-44A3-AC50-ECE444B5E646}.Debug|x64.ActiveCfg = Debug|x64
		{0AEC3A29-CCEE-44A3-AC50-ECE444B5E646}.Debug|x64.Build.0 = Debug|x64
		{0AEC3A29-CCEE-44A3-AC50-ECE444B5E646}.Debug|x86.ActiveCfg = Debug|Win32
		{0AEC3A29-CCEE-44A3-AC50-ECE444B5E646}.Debug|x86.Build.0 = Debug|Win32
		{0AEC3A29-CCEE-44A3-AC50-ECE444B5E646}.Release|x64.ActiveCfg = Release|x64
		{0AEC3A29-CCEE-44A3-AC50-ECE444B5E646}.Release|x64.Build.0 = Release|x64
		{0AEC3A29-CCEE-44A3-AC50-ECE444B5E646}.Release|x86.ActiveCfg = Release|Win32
		{0AEC3A29-CCEE-44A3-AC50-ECE444B5E646}.Release|x86.Build.0 = Release|Win32
		{DD4D8E15-1046-4A28-86C5-B104C29DC717}.Debug|x64.ActiveCfg = Debug|x64
		{DD4D8E15-1046-4A28-86C5-B104C29DC717}.Debug|x64.Build.0 = Debug|x64
		{DD4D8E15-1046-4A28-86C5-B104C29DC717}.Debug|x86.ActiveCfg = Debug|Win32
		{DD4D8E15-1046-4A28-86C5-B104C29DC717}.Debug|x86.Build.0 = Debug|Win32
		{DD4D8E15-1046-4A28-86C5-B104C29DC717}.Release|x64.ActiveCfg = Release|x64
		{DD4D8E15-1046-4A28-86C5-B104C29DC717}.Release|x64.Build.0 = Release|x64
		{DD4D8E15-1046-4A28-86C5-B104C29DC717}.Release|x86.ActiveCfg = Release|Win32
		{DD4D8E15-1046-4A28-86C5-B104C29DC717}.Release|x86.Build.0 = Release|Win32
		{1DFBB09E-1D46-4817-A0CA-2849CEBFF21D}.Debug|x64.ActiveCfg = Debug|x64
		{1DFBB09E-1D46-4817-A0CA-2849CEBFF21D}.Debug|x64.Build.0 = Debug|x64
		{1DFBB09E-1D46-4817-A0CA-2849CEBFF21D}.Debug|x86.ActiveCfg = Debug|Win32
		{1DFBB09E-1D46-4817-A0CA-2849CEBFF21D}.Debug|x86.Build.0 = Debug|Win32
		{1DFBB09E-1D46-4817-A0CA-2849CEBFF21D}.Release|x64.ActiveCfg = Release|x64
		{1DFBB09E-1D46-4817-A0CA-2849CEBFF21D}.Release|x64.Build.0 = Release|x64
		{1DFBB09E-1D46-4817-A0CA-2849CEBFF21D}.Release|x86.ActiveCfg = Release|Win32
		{1DFBB09E-1D46-4817-A0CA-2849CEBFF21D}.Release|x86.Build.0 = Release|Win32
	EndGlobalSection
	GlobalSection(SolutionProperties) = preSolution
		HideSolutionNode = FALSE
	EndGlobalSection
	GlobalSection(ExtensibilityGlobals) = postSolution
		SolutionGuid = {E2AFDAC5-0862-4C0A-8997-AD903866C970}
	EndGlobalSection
EndGlobal
